Microsoft Visual Studio Solution File, Format Version 11.00
# Visual Studio 2008

Project("{DA632D95-3E19-8767-CD72-54D2BCBCDB41}") = "FallingEskimo", "Assembly-CSharp.csproj", "{84087056-D19E-5D69-E9CE-6A35ACBBAFC8}"
EndProject
Global
	GlobalSection(SolutionConfigurationPlatforms) = preSolution
		Debug|Any CPU = Debug|Any CPU
		Release|Any CPU = Release|Any CPU
	EndGlobalSection
	GlobalSection(ProjectConfigurationPlatforms) = postSolution
		{84087056-D19E-5D69-E9CE-6A35ACBBAFC8}.Debug|Any CPU.ActiveCfg = Debug|Any CPU
		{84087056-D19E-5D69-E9CE-6A35ACBBAFC8}.Debug|Any CPU.Build.0 = Debug|Any CPU
		{84087056-D19E-5D69-E9CE-6A35ACBBAFC8}.Release|Any CPU.ActiveCfg = Release|Any CPU
		{84087056-D19E-5D69-E9CE-6A35ACBBAFC8}.Release|Any CPU.Build.0 = Release|Any CPU
	EndGlobalSection
	GlobalSection(SolutionProperties) = preSolution
		HideSolutionNode = FALSE
	EndGlobalSection
	GlobalSection(MonoDevelopProperties) = preSolution
		StartupItem = Assembly-CSharp.csproj
	EndGlobalSection
EndGlobal
